// !$*UTF8*$!
{
	archiveVersion = 1;
	classes = {
	};
	objectVersion = 46;
	objects = {

/* Begin PBXBuildFile section */
		D8266F5919231A3600AB95B6 /* TFHpple.m in Sources */ = {isa = PBXBuildFile; fileRef = D8266F5419231A3600AB95B6 /* TFHpple.m */; };
		D8266F5A19231A3600AB95B6 /* TFHppleElement.m in Sources */ = {isa = PBXBuildFile; fileRef = D8266F5619231A3600AB95B6 /* TFHppleElement.m */; };
		D8266F5B19231A3600AB95B6 /* XPathQuery.m in Sources */ = {isa = PBXBuildFile; fileRef = D8266F5819231A3600AB95B6 /* XPathQuery.m */; };
		D85D5663190F38A0000F1729 /* QuestionButton.m in Sources */ = {isa = PBXBuildFile; fileRef = D85D5662190F38A0000F1729 /* QuestionButton.m */; };
		D85D56671910BC09000F1729 /* LoadingView.m in Sources */ = {isa = PBXBuildFile; fileRef = D85D56661910BC09000F1729 /* LoadingView.m */; };
		D85D566B1911531A000F1729 /* LoadingCancelButton.m in Sources */ = {isa = PBXBuildFile; fileRef = D85D566A1911531A000F1729 /* LoadingCancelButton.m */; };
		D85D566E191165B5000F1729 /* SearchController.m in Sources */ = {isa = PBXBuildFile; fileRef = D85D566D191165B5000F1729 /* SearchController.m */; };
		D85D567019118142000F1729 /* Security.framework in Frameworks */ = {isa = PBXBuildFile; fileRef = D85D566F19118142000F1729 /* Security.framework */; };
		D85D567219118150000F1729 /* libxml2.dylib in Frameworks */ = {isa = PBXBuildFile; fileRef = D85D567119118150000F1729 /* libxml2.dylib */; };
		D85D56EB19118777000F1729 /* OAuthConsumer.framework in Frameworks */ = {isa = PBXBuildFile; fileRef = D85D56EA19118777000F1729 /* OAuthConsumer.framework */; };
		D85D56F419120945000F1729 /* CoreLocation.framework in Frameworks */ = {isa = PBXBuildFile; fileRef = D85D56F319120945000F1729 /* CoreLocation.framework */; };
		D85D56F61912094A000F1729 /* MapKit.framework in Frameworks */ = {isa = PBXBuildFile; fileRef = D85D56F51912094A000F1729 /* MapKit.framework */; };
		D881C40F1931785B0073513F /* appIcon_spotlight.png in Resources */ = {isa = PBXBuildFile; fileRef = D881C40B1931785B0073513F /* appIcon_spotlight.png */; };
		D881C4101931785B0073513F /* appIcon_spotlight@2x.png in Resources */ = {isa = PBXBuildFile; fileRef = D881C40C1931785B0073513F /* appIcon_spotlight@2x.png */; };
		D881C4111931785B0073513F /* appIcon_spotlight2@2x.png in Resources */ = {isa = PBXBuildFile; fileRef = D881C40D1931785B0073513F /* appIcon_spotlight2@2x.png */; };
		D881C4121931785B0073513F /* appIcon@2x.png in Resources */ = {isa = PBXBuildFile; fileRef = D881C40E1931785B0073513F /* appIcon@2x.png */; };
		D881C414193178BF0073513F /* appIcon_6.1.png in Resources */ = {isa = PBXBuildFile; fileRef = D881C413193178BF0073513F /* appIcon_6.1.png */; };
		D881C4161931791B0073513F /* appIcon_6.1@2x.png in Resources */ = {isa = PBXBuildFile; fileRef = D881C4151931791B0073513F /* appIcon_6.1@2x.png */; };
		D8CA0B01190E05D100132198 /* Constants.m in Sources */ = {isa = PBXBuildFile; fileRef = D8CA0B00190E05D100132198 /* Constants.m */; };
		D8F4C762192CDD4400610A2D /* ResultView.m in Sources */ = {isa = PBXBuildFile; fileRef = D8F4C761192CDD4400610A2D /* ResultView.m */; };
		D8F4C764192E7FE400610A2D /* bg_doge.png in Resources */ = {isa = PBXBuildFile; fileRef = D8F4C763192E7FE400610A2D /* bg_doge.png */; };
		E31981AE190AFC2400A9389F /* Foundation.framework in Frameworks */ = {isa = PBXBuildFile; fileRef = E31981AD190AFC2400A9389F /* Foundation.framework */; };
		E31981B0190AFC2400A9389F /* CoreGraphics.framework in Frameworks */ = {isa = PBXBuildFile; fileRef = E31981AF190AFC2400A9389F /* CoreGraphics.framework */; };
		E31981B2190AFC2400A9389F /* UIKit.framework in Frameworks */ = {isa = PBXBuildFile; fileRef = E31981B1190AFC2400A9389F /* UIKit.framework */; };
		E31981B8190AFC2500A9389F /* InfoPlist.strings in Resources */ = {isa = PBXBuildFile; fileRef = E31981B6190AFC2500A9389F /* InfoPlist.strings */; };
		E31981BA190AFC2500A9389F /* main.m in Sources */ = {isa = PBXBuildFile; fileRef = E31981B9190AFC2500A9389F /* main.m */; };
		E31981BE190AFC2500A9389F /* AppDelegate.m in Sources */ = {isa = PBXBuildFile; fileRef = E31981BD190AFC2500A9389F /* AppDelegate.m */; };
		E31981C0190AFC2500A9389F /* Images.xcassets in Resources */ = {isa = PBXBuildFile; fileRef = E31981BF190AFC2500A9389F /* Images.xcassets */; };
		E31981C7190AFC2500A9389F /* XCTest.framework in Frameworks */ = {isa = PBXBuildFile; fileRef = E31981C6190AFC2500A9389F /* XCTest.framework */; };
		E31981C8190AFC2500A9389F /* Foundation.framework in Frameworks */ = {isa = PBXBuildFile; fileRef = E31981AD190AFC2400A9389F /* Foundation.framework */; };
		E31981C9190AFC2500A9389F /* UIKit.framework in Frameworks */ = {isa = PBXBuildFile; fileRef = E31981B1190AFC2400A9389F /* UIKit.framework */; };
		E31981D1190AFC2500A9389F /* InfoPlist.strings in Resources */ = {isa = PBXBuildFile; fileRef = E31981CF190AFC2500A9389F /* InfoPlist.strings */; };
		E31981D3190AFC2500A9389F /* iWantTests.m in Sources */ = {isa = PBXBuildFile; fileRef = E31981D2190AFC2500A9389F /* iWantTests.m */; };
		E31981DE190AFDC200A9389F /* RootViewController.m in Sources */ = {isa = PBXBuildFile; fileRef = E31981DD190AFDC200A9389F /* RootViewController.m */; };
		E31981E8190B274000A9389F /* spinner.png in Resources */ = {isa = PBXBuildFile; fileRef = E31981E5190B274000A9389F /* spinner.png */; };
		E31981E9190B274000A9389F /* bg_day.jpg in Resources */ = {isa = PBXBuildFile; fileRef = E31981E6190B274000A9389F /* bg_day.jpg */; };
		E31981EA190B274000A9389F /* bg.jpg in Resources */ = {isa = PBXBuildFile; fileRef = E31981E7190B274000A9389F /* bg.jpg */; };
		E31981ED190B2E2200A9389F /* QuestionView.m in Sources */ = {isa = PBXBuildFile; fileRef = E31981EC190B2E2200A9389F /* QuestionView.m */; };
/* End PBXBuildFile section */

/* Begin PBXContainerItemProxy section */
		E31981CA190AFC2500A9389F /* PBXContainerItemProxy */ = {
			isa = PBXContainerItemProxy;
			containerPortal = E31981A2190AFC2400A9389F /* Project object */;
			proxyType = 1;
			remoteGlobalIDString = E31981A9190AFC2400A9389F;
			remoteInfo = iWant;
		};
/* End PBXContainerItemProxy section */

/* Begin PBXFileReference section */
		D8266F5319231A3600AB95B6 /* TFHpple.h */ = {isa = PBXFileReference; fileEncoding = 4; lastKnownFileType = sourcecode.c.h; path = TFHpple.h; sourceTree = "<group>"; };
		D8266F5419231A3600AB95B6 /* TFHpple.m */ = {isa = PBXFileReference; fileEncoding = 4; lastKnownFileType = sourcecode.c.objc; path = TFHpple.m; sourceTree = "<group>"; };
		D8266F5519231A3600AB95B6 /* TFHppleElement.h */ = {isa = PBXFileReference; fileEncoding = 4; lastKnownFileType = sourcecode.c.h; path = TFHppleElement.h; sourceTree = "<group>"; };
		D8266F5619231A3600AB95B6 /* TFHppleElement.m */ = {isa = PBXFileReference; fileEncoding = 4; lastKnownFileType = sourcecode.c.objc; path = TFHppleElement.m; sourceTree = "<group>"; };
		D8266F5719231A3600AB95B6 /* XPathQuery.h */ = {isa = PBXFileReference; fileEncoding = 4; lastKnownFileType = sourcecode.c.h; path = XPathQuery.h; sourceTree = "<group>"; };
		D8266F5819231A3600AB95B6 /* XPathQuery.m */ = {isa = PBXFileReference; fileEncoding = 4; lastKnownFileType = sourcecode.c.objc; path = XPathQuery.m; sourceTree = "<group>"; };
		D85D5661190F38A0000F1729 /* QuestionButton.h */ = {isa = PBXFileReference; fileEncoding = 4; lastKnownFileType = sourcecode.c.h; path = QuestionButton.h; sourceTree = "<group>"; };
		D85D5662190F38A0000F1729 /* QuestionButton.m */ = {isa = PBXFileReference; fileEncoding = 4; lastKnownFileType = sourcecode.c.objc; path = QuestionButton.m; sourceTree = "<group>"; };
		D85D56651910BC09000F1729 /* LoadingView.h */ = {isa = PBXFileReference; fileEncoding = 4; lastKnownFileType = sourcecode.c.h; path = LoadingView.h; sourceTree = "<group>"; };
		D85D56661910BC09000F1729 /* LoadingView.m */ = {isa = PBXFileReference; fileEncoding = 4; lastKnownFileType = sourcecode.c.objc; path = LoadingView.m; sourceTree = "<group>"; };
		D85D56691911531A000F1729 /* LoadingCancelButton.h */ = {isa = PBXFileReference; fileEncoding = 4; lastKnownFileType = sourcecode.c.h; path = LoadingCancelButton.h; sourceTree = "<group>"; };
		D85D566A1911531A000F1729 /* LoadingCancelButton.m */ = {isa = PBXFileReference; fileEncoding = 4; lastKnownFileType = sourcecode.c.objc; path = LoadingCancelButton.m; sourceTree = "<group>"; };
		D85D566C191165B5000F1729 /* SearchController.h */ = {isa = PBXFileReference; fileEncoding = 4; lastKnownFileType = sourcecode.c.h; path = SearchController.h; sourceTree = "<group>"; };
		D85D566D191165B5000F1729 /* SearchController.m */ = {isa = PBXFileReference; fileEncoding = 4; lastKnownFileType = sourcecode.c.objc; path = SearchController.m; sourceTree = "<group>"; };
		D85D566F19118142000F1729 /* Security.framework */ = {isa = PBXFileReference; lastKnownFileType = wrapper.framework; name = Security.framework; path = System/Library/Frameworks/Security.framework; sourceTree = SDKROOT; };
		D85D567119118150000F1729 /* libxml2.dylib */ = {isa = PBXFileReference; lastKnownFileType = "compiled.mach-o.dylib"; name = libxml2.dylib; path = usr/lib/libxml2.dylib; sourceTree = SDKROOT; };
		D85D56EA19118777000F1729 /* OAuthConsumer.framework */ = {isa = PBXFileReference; lastKnownFileType = wrapper.framework; path = OAuthConsumer.framework; sourceTree = "<group>"; };
		D85D56F319120945000F1729 /* CoreLocation.framework */ = {isa = PBXFileReference; lastKnownFileType = wrapper.framework; name = CoreLocation.framework; path = System/Library/Frameworks/CoreLocation.framework; sourceTree = SDKROOT; };
		D85D56F51912094A000F1729 /* MapKit.framework */ = {isa = PBXFileReference; lastKnownFileType = wrapper.framework; name = MapKit.framework; path = System/Library/Frameworks/MapKit.framework; sourceTree = SDKROOT; };
		D881C40B1931785B0073513F /* appIcon_spotlight.png */ = {isa = PBXFileReference; lastKnownFileType = image.png; path = appIcon_spotlight.png; sourceTree = "<group>"; };
		D881C40C1931785B0073513F /* appIcon_spotlight@2x.png */ = {isa = PBXFileReference; lastKnownFileType = image.png; path = "appIcon_spotlight@2x.png"; sourceTree = "<group>"; };
		D881C40D1931785B0073513F /* appIcon_spotlight2@2x.png */ = {isa = PBXFileReference; lastKnownFileType = image.png; path = "appIcon_spotlight2@2x.png"; sourceTree = "<group>"; };
		D881C40E1931785B0073513F /* appIcon@2x.png */ = {isa = PBXFileReference; lastKnownFileType = image.png; path = "appIcon@2x.png"; sourceTree = "<group>"; };
		D881C413193178BF0073513F /* appIcon_6.1.png */ = {isa = PBXFileReference; lastKnownFileType = image.png; path = appIcon_6.1.png; sourceTree = "<group>"; };
		D881C4151931791B0073513F /* appIcon_6.1@2x.png */ = {isa = PBXFileReference; lastKnownFileType = image.png; path = "appIcon_6.1@2x.png"; sourceTree = "<group>"; };
		D8CA0AFF190E05D100132198 /* Constants.h */ = {isa = PBXFileReference; fileEncoding = 4; lastKnownFileType = sourcecode.c.h; name = Constants.h; path = ../Constants.h; sourceTree = "<group>"; };
		D8CA0B00190E05D100132198 /* Constants.m */ = {isa = PBXFileReference; fileEncoding = 4; lastKnownFileType = sourcecode.c.objc; name = Constants.m; path = ../Constants.m; sourceTree = "<group>"; };
		D8F4C760192CDD4400610A2D /* ResultView.h */ = {isa = PBXFileReference; fileEncoding = 4; lastKnownFileType = sourcecode.c.h; path = ResultView.h; sourceTree = "<group>"; };
		D8F4C761192CDD4400610A2D /* ResultView.m */ = {isa = PBXFileReference; fileEncoding = 4; lastKnownFileType = sourcecode.c.objc; path = ResultView.m; sourceTree = "<group>"; };
		D8F4C763192E7FE400610A2D /* bg_doge.png */ = {isa = PBXFileReference; lastKnownFileType = image.png; path = bg_doge.png; sourceTree = "<group>"; };
		E31981AA190AFC2400A9389F /* iWant.app */ = {isa = PBXFileReference; explicitFileType = wrapper.application; includeInIndex = 0; path = iWant.app; sourceTree = BUILT_PRODUCTS_DIR; };
		E31981AD190AFC2400A9389F /* Foundation.framework */ = {isa = PBXFileReference; lastKnownFileType = wrapper.framework; name = Foundation.framework; path = System/Library/Frameworks/Foundation.framework; sourceTree = SDKROOT; };
		E31981AF190AFC2400A9389F /* CoreGraphics.framework */ = {isa = PBXFileReference; lastKnownFileType = wrapper.framework; name = CoreGraphics.framework; path = System/Library/Frameworks/CoreGraphics.framework; sourceTree = SDKROOT; };
		E31981B1190AFC2400A9389F /* UIKit.framework */ = {isa = PBXFileReference; lastKnownFileType = wrapper.framework; name = UIKit.framework; path = System/Library/Frameworks/UIKit.framework; sourceTree = SDKROOT; };
		E31981B5190AFC2400A9389F /* iWant-Info.plist */ = {isa = PBXFileReference; lastKnownFileType = text.plist.xml; path = "iWant-Info.plist"; sourceTree = "<group>"; };
		E31981B7190AFC2500A9389F /* en */ = {isa = PBXFileReference; lastKnownFileType = text.plist.strings; name = en; path = en.lproj/InfoPlist.strings; sourceTree = "<group>"; };
		E31981B9190AFC2500A9389F /* main.m */ = {isa = PBXFileReference; lastKnownFileType = sourcecode.c.objc; path = main.m; sourceTree = "<group>"; };
		E31981BB190AFC2500A9389F /* iWant-Prefix.pch */ = {isa = PBXFileReference; lastKnownFileType = sourcecode.c.h; path = "iWant-Prefix.pch"; sourceTree = "<group>"; };
		E31981BC190AFC2500A9389F /* AppDelegate.h */ = {isa = PBXFileReference; lastKnownFileType = sourcecode.c.h; path = AppDelegate.h; sourceTree = "<group>"; };
		E31981BD190AFC2500A9389F /* AppDelegate.m */ = {isa = PBXFileReference; lastKnownFileType = sourcecode.c.objc; path = AppDelegate.m; sourceTree = "<group>"; };
		E31981BF190AFC2500A9389F /* Images.xcassets */ = {isa = PBXFileReference; lastKnownFileType = folder.assetcatalog; path = Images.xcassets; sourceTree = "<group>"; };
		E31981C5190AFC2500A9389F /* iWantTests.xctest */ = {isa = PBXFileReference; explicitFileType = wrapper.cfbundle; includeInIndex = 0; path = iWantTests.xctest; sourceTree = BUILT_PRODUCTS_DIR; };
		E31981C6190AFC2500A9389F /* XCTest.framework */ = {isa = PBXFileReference; lastKnownFileType = wrapper.framework; name = XCTest.framework; path = Library/Frameworks/XCTest.framework; sourceTree = DEVELOPER_DIR; };
		E31981CE190AFC2500A9389F /* iWantTests-Info.plist */ = {isa = PBXFileReference; lastKnownFileType = text.plist.xml; path = "iWantTests-Info.plist"; sourceTree = "<group>"; };
		E31981D0190AFC2500A9389F /* en */ = {isa = PBXFileReference; lastKnownFileType = text.plist.strings; name = en; path = en.lproj/InfoPlist.strings; sourceTree = "<group>"; };
		E31981D2190AFC2500A9389F /* iWantTests.m */ = {isa = PBXFileReference; lastKnownFileType = sourcecode.c.objc; path = iWantTests.m; sourceTree = "<group>"; };
		E31981DC190AFDC200A9389F /* RootViewController.h */ = {isa = PBXFileReference; fileEncoding = 4; lastKnownFileType = sourcecode.c.h; path = RootViewController.h; sourceTree = "<group>"; };
		E31981DD190AFDC200A9389F /* RootViewController.m */ = {isa = PBXFileReference; fileEncoding = 4; lastKnownFileType = sourcecode.c.objc; path = RootViewController.m; sourceTree = "<group>"; };
		E31981E5190B274000A9389F /* spinner.png */ = {isa = PBXFileReference; lastKnownFileType = image.png; path = spinner.png; sourceTree = "<group>"; };
		E31981E6190B274000A9389F /* bg_day.jpg */ = {isa = PBXFileReference; lastKnownFileType = image.jpeg; path = bg_day.jpg; sourceTree = "<group>"; };
		E31981E7190B274000A9389F /* bg.jpg */ = {isa = PBXFileReference; lastKnownFileType = image.jpeg; path = bg.jpg; sourceTree = "<group>"; };
		E31981EB190B2E2200A9389F /* QuestionView.h */ = {isa = PBXFileReference; fileEncoding = 4; lastKnownFileType = sourcecode.c.h; name = QuestionView.h; path = ../QuestionView.h; sourceTree = "<group>"; };
		E31981EC190B2E2200A9389F /* QuestionView.m */ = {isa = PBXFileReference; fileEncoding = 4; lastKnownFileType = sourcecode.c.objc; name = QuestionView.m; path = ../QuestionView.m; sourceTree = "<group>"; };
/* End PBXFileReference section */

/* Begin PBXFrameworksBuildPhase section */
		E31981A7190AFC2400A9389F /* Frameworks */ = {
			isa = PBXFrameworksBuildPhase;
			buildActionMask = 2147483647;
			files = (
				D85D567219118150000F1729 /* libxml2.dylib in Frameworks */,
				D85D56F61912094A000F1729 /* MapKit.framework in Frameworks */,
				D85D56F419120945000F1729 /* CoreLocation.framework in Frameworks */,
				D85D567019118142000F1729 /* Security.framework in Frameworks */,
				E31981B0190AFC2400A9389F /* CoreGraphics.framework in Frameworks */,
				E31981B2190AFC2400A9389F /* UIKit.framework in Frameworks */,
				D85D56EB19118777000F1729 /* OAuthConsumer.framework in Frameworks */,
				E31981AE190AFC2400A9389F /* Foundation.framework in Frameworks */,
			);
			runOnlyForDeploymentPostprocessing = 0;
		};
		E31981C2190AFC2500A9389F /* Frameworks */ = {
			isa = PBXFrameworksBuildPhase;
			buildActionMask = 2147483647;
			files = (
				E31981C7190AFC2500A9389F /* XCTest.framework in Frameworks */,
				E31981C9190AFC2500A9389F /* UIKit.framework in Frameworks */,
				E31981C8190AFC2500A9389F /* Foundation.framework in Frameworks */,
			);
			runOnlyForDeploymentPostprocessing = 0;
		};
/* End PBXFrameworksBuildPhase section */

/* Begin PBXGroup section */
		D8266F521923199B00AB95B6 /* HTMLParsing */ = {
			isa = PBXGroup;
			children = (
				D8266F5319231A3600AB95B6 /* TFHpple.h */,
				D8266F5419231A3600AB95B6 /* TFHpple.m */,
				D8266F5519231A3600AB95B6 /* TFHppleElement.h */,
				D8266F5619231A3600AB95B6 /* TFHppleElement.m */,
				D8266F5719231A3600AB95B6 /* XPathQuery.h */,
				D8266F5819231A3600AB95B6 /* XPathQuery.m */,
			);
			name = HTMLParsing;
			sourceTree = "<group>";
		};
		D85D56641910B842000F1729 /* Question View */ = {
			isa = PBXGroup;
			children = (
				E31981EB190B2E2200A9389F /* QuestionView.h */,
				E31981EC190B2E2200A9389F /* QuestionView.m */,
				D85D5661190F38A0000F1729 /* QuestionButton.h */,
				D85D5662190F38A0000F1729 /* QuestionButton.m */,
			);
			name = "Question View";
			sourceTree = "<group>";
		};
		D85D56681910D0DF000F1729 /* LoadingView */ = {
			isa = PBXGroup;
			children = (
				D85D56651910BC09000F1729 /* LoadingView.h */,
				D85D56661910BC09000F1729 /* LoadingView.m */,
				D85D56691911531A000F1729 /* LoadingCancelButton.h */,
				D85D566A1911531A000F1729 /* LoadingCancelButton.m */,
			);
			name = LoadingView;
			path = ..;
			sourceTree = "<group>";
		};
		D881C40A1931784F0073513F /* Icon Images */ = {
			isa = PBXGroup;
			children = (
				D881C40B1931785B0073513F /* appIcon_spotlight.png */,
				D881C40C1931785B0073513F /* appIcon_spotlight@2x.png */,
				D881C40D1931785B0073513F /* appIcon_spotlight2@2x.png */,
				D881C40E1931785B0073513F /* appIcon@2x.png */,
				D881C413193178BF0073513F /* appIcon_6.1.png */,
				D881C4151931791B0073513F /* appIcon_6.1@2x.png */,
			);
			name = "Icon Images";
			sourceTree = "<group>";
		};
		E31981A1190AFC2400A9389F = {
			isa = PBXGroup;
			children = (
				E31981B3190AFC2400A9389F /* iWant */,
				E31981CC190AFC2500A9389F /* iWantTests */,
				E31981AC190AFC2400A9389F /* Frameworks */,
				E31981AB190AFC2400A9389F /* Products */,
			);
			sourceTree = "<group>";
		};
		E31981AB190AFC2400A9389F /* Products */ = {
			isa = PBXGroup;
			children = (
				E31981AA190AFC2400A9389F /* iWant.app */,
				E31981C5190AFC2500A9389F /* iWantTests.xctest */,
			);
			name = Products;
			sourceTree = "<group>";
		};
		E31981AC190AFC2400A9389F /* Frameworks */ = {
			isa = PBXGroup;
			children = (
				D85D56F51912094A000F1729 /* MapKit.framework */,
				D85D56F319120945000F1729 /* CoreLocation.framework */,
				D85D567119118150000F1729 /* libxml2.dylib */,
				D85D56EA19118777000F1729 /* OAuthConsumer.framework */,
				D85D566F19118142000F1729 /* Security.framework */,
				E31981AD190AFC2400A9389F /* Foundation.framework */,
				E31981AF190AFC2400A9389F /* CoreGraphics.framework */,
				E31981B1190AFC2400A9389F /* UIKit.framework */,
				E31981C6190AFC2500A9389F /* XCTest.framework */,
			);
			name = Frameworks;
			sourceTree = "<group>";
		};
		E31981B3190AFC2400A9389F /* iWant */ = {
			isa = PBXGroup;
			children = (
				E31981BC190AFC2500A9389F /* AppDelegate.h */,
				E31981BD190AFC2500A9389F /* AppDelegate.m */,
				D8CA0AFF190E05D100132198 /* Constants.h */,
				D8CA0B00190E05D100132198 /* Constants.m */,
				E31981DC190AFDC200A9389F /* RootViewController.h */,
				E31981DD190AFDC200A9389F /* RootViewController.m */,
				D85D566C191165B5000F1729 /* SearchController.h */,
				D85D566D191165B5000F1729 /* SearchController.m */,
				D8F4C760192CDD4400610A2D /* ResultView.h */,
				D8F4C761192CDD4400610A2D /* ResultView.m */,
				D8266F521923199B00AB95B6 /* HTMLParsing */,
				D85D56641910B842000F1729 /* Question View */,
				D85D56681910D0DF000F1729 /* LoadingView */,
				E31981BF190AFC2500A9389F /* Images.xcassets */,
				E31981B4190AFC2400A9389F /* Supporting Files */,
			);
			path = iWant;
			sourceTree = "<group>";
		};
		E31981B4190AFC2400A9389F /* Supporting Files */ = {
			isa = PBXGroup;
			children = (
				D881C40A1931784F0073513F /* Icon Images */,
				E31981E5190B274000A9389F /* spinner.png */,
				E31981E6190B274000A9389F /* bg_day.jpg */,
				E31981E7190B274000A9389F /* bg.jpg */,
				D8F4C763192E7FE400610A2D /* bg_doge.png */,
				E31981B5190AFC2400A9389F /* iWant-Info.plist */,
				E31981B6190AFC2500A9389F /* InfoPlist.strings */,
				E31981B9190AFC2500A9389F /* main.m */,
				E31981BB190AFC2500A9389F /* iWant-Prefix.pch */,
			);
			name = "Supporting Files";
			sourceTree = "<group>";
		};
		E31981CC190AFC2500A9389F /* iWantTests */ = {
			isa = PBXGroup;
			children = (
				E31981D2190AFC2500A9389F /* iWantTests.m */,
				E31981CD190AFC2500A9389F /* Supporting Files */,
			);
			path = iWantTests;
			sourceTree = "<group>";
		};
		E31981CD190AFC2500A9389F /* Supporting Files */ = {
			isa = PBXGroup;
			children = (
				E31981CE190AFC2500A9389F /* iWantTests-Info.plist */,
				E31981CF190AFC2500A9389F /* InfoPlist.strings */,
			);
			name = "Supporting Files";
			sourceTree = "<group>";
		};
/* End PBXGroup section */

/* Begin PBXNativeTarget section */
		E31981A9190AFC2400A9389F /* iWant */ = {
			isa = PBXNativeTarget;
			buildConfigurationList = E31981D6190AFC2500A9389F /* Build configuration list for PBXNativeTarget "iWant" */;
			buildPhases = (
				E31981A6190AFC2400A9389F /* Sources */,
				E31981A7190AFC2400A9389F /* Frameworks */,
				E31981A8190AFC2400A9389F /* Resources */,
			);
			buildRules = (
			);
			dependencies = (
			);
			name = iWant;
			productName = iWant;
			productReference = E31981AA190AFC2400A9389F /* iWant.app */;
			productType = "com.apple.product-type.application";
		};
		E31981C4190AFC2500A9389F /* iWantTests */ = {
			isa = PBXNativeTarget;
			buildConfigurationList = E31981D9190AFC2500A9389F /* Build configuration list for PBXNativeTarget "iWantTests" */;
			buildPhases = (
				E31981C1190AFC2500A9389F /* Sources */,
				E31981C2190AFC2500A9389F /* Frameworks */,
				E31981C3190AFC2500A9389F /* Resources */,
			);
			buildRules = (
			);
			dependencies = (
				E31981CB190AFC2500A9389F /* PBXTargetDependency */,
			);
			name = iWantTests;
			productName = iWantTests;
			productReference = E31981C5190AFC2500A9389F /* iWantTests.xctest */;
			productType = "com.apple.product-type.bundle.unit-test";
		};
/* End PBXNativeTarget section */

/* Begin PBXProject section */
		E31981A2190AFC2400A9389F /* Project object */ = {
			isa = PBXProject;
			attributes = {
				LastUpgradeCheck = 0510;
				ORGANIZATIONNAME = "Aaron Pang";
				TargetAttributes = {
					E31981C4190AFC2500A9389F = {
						TestTargetID = E31981A9190AFC2400A9389F;
					};
				};
			};
			buildConfigurationList = E31981A5190AFC2400A9389F /* Build configuration list for PBXProject "iWant" */;
			compatibilityVersion = "Xcode 3.2";
			developmentRegion = English;
			hasScannedForEncodings = 0;
			knownRegions = (
				en,
			);
			mainGroup = E31981A1190AFC2400A9389F;
			productRefGroup = E31981AB190AFC2400A9389F /* Products */;
			projectDirPath = "";
			projectRoot = "";
			targets = (
				E31981A9190AFC2400A9389F /* iWant */,
				E31981C4190AFC2500A9389F /* iWantTests */,
			);
		};
/* End PBXProject section */

/* Begin PBXResourcesBuildPhase section */
		E31981A8190AFC2400A9389F /* Resources */ = {
			isa = PBXResourcesBuildPhase;
			buildActionMask = 2147483647;
			files = (
				E31981EA190B274000A9389F /* bg.jpg in Resources */,
				D881C4111931785B0073513F /* appIcon_spotlight2@2x.png in Resources */,
				E31981B8190AFC2500A9389F /* InfoPlist.strings in Resources */,
				E31981E8190B274000A9389F /* spinner.png in Resources */,
				D881C40F1931785B0073513F /* appIcon_spotlight.png in Resources */,
				D881C4101931785B0073513F /* appIcon_spotlight@2x.png in Resources */,
				D8F4C764192E7FE400610A2D /* bg_doge.png in Resources */,
				D881C4121931785B0073513F /* appIcon@2x.png in Resources */,
				E31981C0190AFC2500A9389F /* Images.xcassets in Resources */,
				D881C4161931791B0073513F /* appIcon_6.1@2x.png in Resources */,
				E31981E9190B274000A9389F /* bg_day.jpg in Resources */,
				D881C414193178BF0073513F /* appIcon_6.1.png in Resources */,
			);
			runOnlyForDeploymentPostprocessing = 0;
		};
		E31981C3190AFC2500A9389F /* Resources */ = {
			isa = PBXResourcesBuildPhase;
			buildActionMask = 2147483647;
			files = (
				E31981D1190AFC2500A9389F /* InfoPlist.strings in Resources */,
			);
			runOnlyForDeploymentPostprocessing = 0;
		};
/* End PBXResourcesBuildPhase section */

/* Begin PBXSourcesBuildPhase section */
		E31981A6190AFC2400A9389F /* Sources */ = {
			isa = PBXSourcesBuildPhase;
			buildActionMask = 2147483647;
			files = (
				D8F4C762192CDD4400610A2D /* ResultView.m in Sources */,
				D85D566B1911531A000F1729 /* LoadingCancelButton.m in Sources */,
				D8CA0B01190E05D100132198 /* Constants.m in Sources */,
				D85D5663190F38A0000F1729 /* QuestionButton.m in Sources */,
				D85D56671910BC09000F1729 /* LoadingView.m in Sources */,
				E31981ED190B2E2200A9389F /* QuestionView.m in Sources */,
				D8266F5919231A3600AB95B6 /* TFHpple.m in Sources */,
				E31981BE190AFC2500A9389F /* AppDelegate.m in Sources */,
				E31981BA190AFC2500A9389F /* main.m in Sources */,
				D85D566E191165B5000F1729 /* SearchController.m in Sources */,
				E31981DE190AFDC200A9389F /* RootViewController.m in Sources */,
				D8266F5B19231A3600AB95B6 /* XPathQuery.m in Sources */,
				D8266F5A19231A3600AB95B6 /* TFHppleElement.m in Sources */,
			);
			runOnlyForDeploymentPostprocessing = 0;
		};
		E31981C1190AFC2500A9389F /* Sources */ = {
			isa = PBXSourcesBuildPhase;
			buildActionMask = 2147483647;
			files = (
				E31981D3190AFC2500A9389F /* iWantTests.m in Sources */,
			);
			runOnlyForDeploymentPostprocessing = 0;
		};
/* End PBXSourcesBuildPhase section */

/* Begin PBXTargetDependency section */
		E31981CB190AFC2500A9389F /* PBXTargetDependency */ = {
			isa = PBXTargetDependency;
			target = E31981A9190AFC2400A9389F /* iWant */;
			targetProxy = E31981CA190AFC2500A9389F /* PBXContainerItemProxy */;
		};
/* End PBXTargetDependency section */

/* Begin PBXVariantGroup section */
		E31981B6190AFC2500A9389F /* InfoPlist.strings */ = {
			isa = PBXVariantGroup;
			children = (
				E31981B7190AFC2500A9389F /* en */,
			);
			name = InfoPlist.strings;
			sourceTree = "<group>";
		};
		E31981CF190AFC2500A9389F /* InfoPlist.strings */ = {
			isa = PBXVariantGroup;
			children = (
				E31981D0190AFC2500A9389F /* en */,
			);
			name = InfoPlist.strings;
			sourceTree = "<group>";
		};
/* End PBXVariantGroup section */

/* Begin XCBuildConfiguration section */
		E31981D4190AFC2500A9389F /* Debug */ = {
			isa = XCBuildConfiguration;
			buildSettings = {
				ALWAYS_SEARCH_USER_PATHS = NO;
				CLANG_CXX_LANGUAGE_STANDARD = "gnu++0x";
				CLANG_CXX_LIBRARY = "libc++";
				CLANG_ENABLE_MODULES = YES;
				CLANG_ENABLE_OBJC_ARC = YES;
				CLANG_WARN_BOOL_CONVERSION = YES;
				CLANG_WARN_CONSTANT_CONVERSION = YES;
				CLANG_WARN_DIRECT_OBJC_ISA_USAGE = YES_ERROR;
				CLANG_WARN_EMPTY_BODY = YES;
				CLANG_WARN_ENUM_CONVERSION = YES;
				CLANG_WARN_INT_CONVERSION = YES;
				CLANG_WARN_OBJC_ROOT_CLASS = YES_ERROR;
				CLANG_WARN__DUPLICATE_METHOD_MATCH = YES;
				"CODE_SIGN_IDENTITY[sdk=iphoneos*]" = "iPhone Developer";
				COPY_PHASE_STRIP = NO;
				GCC_C_LANGUAGE_STANDARD = gnu99;
				GCC_DYNAMIC_NO_PIC = NO;
				GCC_OPTIMIZATION_LEVEL = 0;
				GCC_PREPROCESSOR_DEFINITIONS = (
					"DEBUG=1",
					"$(inherited)",
				);
				GCC_SYMBOLS_PRIVATE_EXTERN = NO;
				GCC_WARN_64_TO_32_BIT_CONVERSION = YES;
				GCC_WARN_ABOUT_RETURN_TYPE = YES_ERROR;
				GCC_WARN_UNDECLARED_SELECTOR = YES;
				GCC_WARN_UNINITIALIZED_AUTOS = YES_AGGRESSIVE;
				GCC_WARN_UNUSED_FUNCTION = YES;
				GCC_WARN_UNUSED_VARIABLE = YES;
				IPHONEOS_DEPLOYMENT_TARGET = 6.0;
				ONLY_ACTIVE_ARCH = YES;
				SDKROOT = iphoneos;
			};
			name = Debug;
		};
		E31981D5190AFC2500A9389F /* Release */ = {
			isa = XCBuildConfiguration;
			buildSettings = {
				ALWAYS_SEARCH_USER_PATHS = NO;
				CLANG_CXX_LANGUAGE_STANDARD = "gnu++0x";
				CLANG_CXX_LIBRARY = "libc++";
				CLANG_ENABLE_MODULES = YES;
				CLANG_ENABLE_OBJC_ARC = YES;
				CLANG_WARN_BOOL_CONVERSION = YES;
				CLANG_WARN_CONSTANT_CONVERSION = YES;
				CLANG_WARN_DIRECT_OBJC_ISA_USAGE = YES_ERROR;
				CLANG_WARN_EMPTY_BODY = YES;
				CLANG_WARN_ENUM_CONVERSION = YES;
				CLANG_WARN_INT_CONVERSION = YES;
				CLANG_WARN_OBJC_ROOT_CLASS = YES_ERROR;
				CLANG_WARN__DUPLICATE_METHOD_MATCH = YES;
				"CODE_SIGN_IDENTITY[sdk=iphoneos*]" = "iPhone Developer";
				COPY_PHASE_STRIP = YES;
				ENABLE_NS_ASSERTIONS = NO;
				GCC_C_LANGUAGE_STANDARD = gnu99;
				GCC_WARN_64_TO_32_BIT_CONVERSION = YES;
				GCC_WARN_ABOUT_RETURN_TYPE = YES_ERROR;
				GCC_WARN_UNDECLARED_SELECTOR = YES;
				GCC_WARN_UNINITIALIZED_AUTOS = YES_AGGRESSIVE;
				GCC_WARN_UNUSED_FUNCTION = YES;
				GCC_WARN_UNUSED_VARIABLE = YES;
				IPHONEOS_DEPLOYMENT_TARGET = 6.0;
				SDKROOT = iphoneos;
				VALIDATE_PRODUCT = YES;
			};
			name = Release;
		};
		E31981D7190AFC2500A9389F /* Debug */ = {
			isa = XCBuildConfiguration;
			buildSettings = {
				ASSETCATALOG_COMPILER_LAUNCHIMAGE_NAME = LaunchImage;
				FRAMEWORK_SEARCH_PATHS = (
					"$(inherited)",
					"$(PROJECT_DIR)",
				);
				GCC_PRECOMPILE_PREFIX_HEADER = YES;
				GCC_PREFIX_HEADER = "iWant/iWant-Prefix.pch";
				GCC_TREAT_WARNINGS_AS_ERRORS = YES;
				HEADER_SEARCH_PATHS = (
					"$(inherited)",
					/Applications/Xcode.app/Contents/Developer/Toolchains/XcodeDefault.xctoolchain/usr/include,
					"$SDKROOT/usr/include/libxml2/**",
				);
				INFOPLIST_FILE = "iWant/iWant-Info.plist";
				IPHONEOS_DEPLOYMENT_TARGET = 6.0;
				OTHER_LDFLAGS = "-ObjC";
				PRODUCT_NAME = "$(TARGET_NAME)";
				WRAPPER_EXTENSION = app;
			};
			name = Debug;
		};
		E31981D8190AFC2500A9389F /* Release */ = {
			isa = XCBuildConfiguration;
			buildSettings = {
				ASSETCATALOG_COMPILER_LAUNCHIMAGE_NAME = LaunchImage;
				FRAMEWORK_SEARCH_PATHS = (
					"$(inherited)",
					"$(PROJECT_DIR)",
				);
				GCC_PRECOMPILE_PREFIX_HEADER = YES;
				GCC_PREFIX_HEADER = "iWant/iWant-Prefix.pch";
				GCC_TREAT_WARNINGS_AS_ERRORS = YES;
				HEADER_SEARCH_PATHS = (
					"$(inherited)",
					/Applications/Xcode.app/Contents/Developer/Toolchains/XcodeDefault.xctoolchain/usr/include,
					"$SDKROOT/usr/include/libxml2/**",
				);
				INFOPLIST_FILE = "iWant/iWant-Info.plist";
				IPHONEOS_DEPLOYMENT_TARGET = 6.0;
				OTHER_LDFLAGS = "-ObjC";
				PRODUCT_NAME = "$(TARGET_NAME)";
				WRAPPER_EXTENSION = app;
			};
			name = Release;
		};
		E31981DA190AFC2500A9389F /* Debug */ = {
			isa = XCBuildConfiguration;
			buildSettings = {
				BUNDLE_LOADER = "$(BUILT_PRODUCTS_DIR)/iWant.app/iWant";
				FRAMEWORK_SEARCH_PATHS = (
					"$(SDKROOT)/Developer/Library/Frameworks",
					"$(inherited)",
					"$(DEVELOPER_FRAMEWORKS_DIR)",
				);
				GCC_PRECOMPILE_PREFIX_HEADER = YES;
				GCC_PREFIX_HEADER = "iWant/iWant-Prefix.pch";
				GCC_PREPROCESSOR_DEFINITIONS = (
					"DEBUG=1",
					"$(inherited)",
				);
				INFOPLIST_FILE = "iWantTests/iWantTests-Info.plist";
				PRODUCT_NAME = "$(TARGET_NAME)";
				TEST_HOST = "$(BUNDLE_LOADER)";
				WRAPPER_EXTENSION = xctest;
			};
			name = Debug;
		};
		E31981DB190AFC2500A9389F /* Release */ = {
			isa = XCBuildConfiguration;
			buildSettings = {
				BUNDLE_LOADER = "$(BUILT_PRODUCTS_DIR)/iWant.app/iWant";
				FRAMEWORK_SEARCH_PATHS = (
					"$(SDKROOT)/Developer/Library/Frameworks",
					"$(inherited)",
					"$(DEVELOPER_FRAMEWORKS_DIR)",
				);
				GCC_PRECOMPILE_PREFIX_HEADER = YES;
				GCC_PREFIX_HEADER = "iWant/iWant-Prefix.pch";
				INFOPLIST_FILE = "iWantTests/iWantTests-Info.plist";
				PRODUCT_NAME = "$(TARGET_NAME)";
				TEST_HOST = "$(BUNDLE_LOADER)";
				WRAPPER_EXTENSION = xctest;
			};
			name = Release;
		};
/* End XCBuildConfiguration section */

/* Begin XCConfigurationList section */
		E31981A5190AFC2400A9389F /* Build configuration list for PBXProject "iWant" */ = {
			isa = XCConfigurationList;
			buildConfigurations = (
				E31981D4190AFC2500A9389F /* Debug */,
				E31981D5190AFC2500A9389F /* Release */,
			);
			defaultConfigurationIsVisible = 0;
			defaultConfigurationName = Release;
		};
		E31981D6190AFC2500A9389F /* Build configuration list for PBXNativeTarget "iWant" */ = {
			isa = XCConfigurationList;
			buildConfigurations = (
				E31981D7190AFC2500A9389F /* Debug */,
				E31981D8190AFC2500A9389F /* Release */,
			);
			defaultConfigurationIsVisible = 0;
			defaultConfigurationName = Release;
		};
		E31981D9190AFC2500A9389F /* Build configuration list for PBXNativeTarget "iWantTests" */ = {
			isa = XCConfigurationList;
			buildConfigurations = (
				E31981DA190AFC2500A9389F /* Debug */,
				E31981DB190AFC2500A9389F /* Release */,
			);
			defaultConfigurationIsVisible = 0;
			defaultConfigurationName = Release;
		};
/* End XCConfigurationList section */
	};
	rootObject = E31981A2190AFC2400A9389F /* Project object */;
}
